
Microsoft Visual Studio Solution File, Format Version 12.00
# Visual Studio 15
VisualStudioVersion = 15.0.26124.0
MinimumVisualStudioVersion = 15.0.26124.0
Project("{2150E333-8FDC-42A3-9474-1A3956D46DE8}") = "DataLayer", "DataLayer", "{8BEBF693-E2F6-4248-9958-FAD8BB489014}"
EndProject
Project("{FAE04EC0-301F-11D3-BF4B-00C04F79EFBC}") = "marketplace.Data", "DataLayer\marketplace.Data\marketplace.Data.csproj", "{FF10AD6D-BBB5-4B75-A3A8-C6965E4FCD3B}"
EndProject
Project("{2150E333-8FDC-42A3-9474-1A3956D46DE8}") = "BusinessLayer", "BusinessLayer", "{A7493894-D351-4435-9F22-0FF9B333EEA7}"
EndProject
Project("{FAE04EC0-301F-11D3-BF4B-00C04F79EFBC}") = "marketplace.Services", "BusinessLayer\marketplace.Services\marketplace.Services.csproj", "{8B5305EA-64B4-42B0-B646-4BE5D71C0F1F}"
EndProject
Project("{2150E333-8FDC-42A3-9474-1A3956D46DE8}") = "CommonLayer", "CommonLayer", "{09A9EED7-FF0D-4853-9565-0E5D46FA3A35}"
EndProject
Project("{FAE04EC0-301F-11D3-BF4B-00C04F79EFBC}") = "marketplace.DTO", "CommonLayer\marketplace.DTO\marketplace.DTO.csproj", "{4C738939-D4AB-4408-B8F8-69C6252E1CD2}"
EndProject
Project("{FAE04EC0-301F-11D3-BF4B-00C04F79EFBC}") = "marketplace.Utilities", "CommonLayer\marketplace.Utilities\marketplace.Utilities.csproj", "{289A0AAA-1282-43BF-AF84-21DABEDC96D3}"
EndProject
Global
	GlobalSection(SolutionConfigurationPlatforms) = preSolution
		Debug|Any CPU = Debug|Any CPU
		Debug|x64 = Debug|x64
		Debug|x86 = Debug|x86
		Release|Any CPU = Release|Any CPU
		Release|x64 = Release|x64
		Release|x86 = Release|x86
	EndGlobalSection
	GlobalSection(SolutionProperties) = preSolution
		HideSolutionNode = FALSE
	EndGlobalSection
	GlobalSection(ProjectConfigurationPlatforms) = postSolution
		{FF10AD6D-BBB5-4B75-A3A8-C6965E4FCD3B}.Debug|Any CPU.ActiveCfg = Debug|Any CPU
		{FF10AD6D-BBB5-4B75-A3A8-C6965E4FCD3B}.Debug|Any CPU.Build.0 = Debug|Any CPU
		{FF10AD6D-BBB5-4B75-A3A8-C6965E4FCD3B}.Debug|x64.ActiveCfg = Debug|Any CPU
		{FF10AD6D-BBB5-4B75-A3A8-C6965E4FCD3B}.Debug|x64.Build.0 = Debug|Any CPU
		{FF10AD6D-BBB5-4B75-A3A8-C6965E4FCD3B}.Debug|x86.ActiveCfg = Debug|Any CPU
		{FF10AD6D-BBB5-4B75-A3A8-C6965E4FCD3B}.Debug|x86.Build.0 = Debug|Any CPU
		{FF10AD6D-BBB5-4B75-A3A8-C6965E4FCD3B}.Release|Any CPU.ActiveCfg = Release|Any CPU
		{FF10AD6D-BBB5-4B75-A3A8-C6965E4FCD3B}.Release|Any CPU.Build.0 = Release|Any CPU
		{FF10AD6D-BBB5-4B75-A3A8-C6965E4FCD3B}.Release|x64.ActiveCfg = Release|Any CPU
		{FF10AD6D-BBB5-4B75-A3A8-C6965E4FCD3B}.Release|x64.Build.0 = Release|Any CPU
		{FF10AD6D-BBB5-4B75-A3A8-C6965E4FCD3B}.Release|x86.ActiveCfg = Release|Any CPU
		{FF10AD6D-BBB5-4B75-A3A8-C6965E4FCD3B}.Release|x86.Build.0 = Release|Any CPU
		{8B5305EA-64B4-42B0-B646-4BE5D71C0F1F}.Debug|Any CPU.ActiveCfg = Debug|Any CPU
		{8B5305EA-64B4-42B0-B646-4BE5D71C0F1F}.Debug|Any CPU.Build.0 = Debug|Any CPU
		{8B5305EA-64B4-42B0-B646-4BE5D71C0F1F}.Debug|x64.ActiveCfg = Debug|Any CPU
		{8B5305EA-64B4-42B0-B646-4BE5D71C0F1F}.Debug|x64.Build.0 = Debug|Any CPU
		{8B5305EA-64B4-42B0-B646-4BE5D71C0F1F}.Debug|x86.ActiveCfg = Debug|Any CPU
		{8B5305EA-64B4-42B0-B646-4BE5D71C0F1F}.Debug|x86.Build.0 = Debug|Any CPU
		{8B5305EA-64B4-42B0-B646-4BE5D71C0F1F}.Release|Any CPU.ActiveCfg = Release|Any CPU
		{8B5305EA-64B4-42B0-B646-4BE5D71C0F1F}.Release|Any CPU.Build.0 = Release|Any CPU
		{8B5305EA-64B4-42B0-B646-4BE5D71C0F1F}.Release|x64.ActiveCfg = Release|Any CPU
		{8B5305EA-64B4-42B0-B646-4BE5D71C0F1F}.Release|x64.Build.0 = Release|Any CPU
		{8B5305EA-64B4-42B0-B646-4BE5D71C0F1F}.Release|x86.ActiveCfg = Release|Any CPU
		{8B5305EA-64B4-42B0-B646-4BE5D71C0F1F}.Release|x86.Build.0 = Release|Any CPU
		{4C738939-D4AB-4408-B8F8-69C6252E1CD2}.Debug|Any CPU.ActiveCfg = Debug|Any CPU
		{4C738939-D4AB-4408-B8F8-69C6252E1CD2}.Debug|Any CPU.Build.0 = Debug|Any CPU
		{4C738939-D4AB-4408-B8F8-69C6252E1CD2}.Debug|x64.ActiveCfg = Debug|Any CPU
		{4C738939-D4AB-4408-B8F8-69C6252E1CD2}.Debug|x64.Build.0 = Debug|Any CPU
		{4C738939-D4AB-4408-B8F8-69C6252E1CD2}.Debug|x86.ActiveCfg = Debug|Any CPU
		{4C738939-D4AB-4408-B8F8-69C6252E1CD2}.Debug|x86.Build.0 = Debug|Any CPU
		{4C738939-D4AB-4408-B8F8-69C6252E1CD2}.Release|Any CPU.ActiveCfg = Release|Any CPU
		{4C738939-D4AB-4408-B8F8-69C6252E1CD2}.Release|Any CPU.Build.0 = Release|Any CPU
		{4C738939-D4AB-4408-B8F8-69C6252E1CD2}.Release|x64.ActiveCfg = Release|Any CPU
		{4C738939-D4AB-4408-B8F8-69C6252E1CD2}.Release|x64.Build.0 = Release|Any CPU
		{4C738939-D4AB-4408-B8F8-69C6252E1CD2}.Release|x86.ActiveCfg = Release|Any CPU
		{4C738939-D4AB-4408-B8F8-69C6252E1CD2}.Release|x86.Build.0 = Release|Any CPU
		{289A0AAA-1282-43BF-AF84-21DABEDC96D3}.Debug|Any CPU.ActiveCfg = Debug|Any CPU
		{289A0AAA-1282-43BF-AF84-21DABEDC96D3}.Debug|Any CPU.Build.0 = Debug|Any CPU
		{289A0AAA-1282-43BF-AF84-21DABEDC96D3}.Debug|x64.ActiveCfg = Debug|Any CPU
		{289A0AAA-1282-43BF-AF84-21DABEDC96D3}.Debug|x64.Build.0 = Debug|Any CPU
		{289A0AAA-1282-43BF-AF84-21DABEDC96D3}.Debug|x86.ActiveCfg = Debug|Any CPU
		{289A0AAA-1282-43BF-AF84-21DABEDC96D3}.Debug|x86.Build.0 = Debug|Any CPU
		{289A0AAA-1282-43BF-AF84-21DABEDC96D3}.Release|Any CPU.ActiveCfg = Release|Any CPU
		{289A0AAA-1282-43BF-AF84-21DABEDC96D3}.Release|Any CPU.Build.0 = Release|Any CPU
		{289A0AAA-1282-43BF-AF84-21DABEDC96D3}.Release|x64.ActiveCfg = Release|Any CPU
		{289A0AAA-1282-43BF-AF84-21DABEDC96D3}.Release|x64.Build.0 = Release|Any CPU
		{289A0AAA-1282-43BF-AF84-21DABEDC96D3}.Release|x86.ActiveCfg = Release|Any CPU
		{289A0AAA-1282-43BF-AF84-21DABEDC96D3}.Release|x86.Build.0 = Release|Any CPU
	EndGlobalSection
	GlobalSection(NestedProjects) = preSolution
		{FF10AD6D-BBB5-4B75-A3A8-C6965E4FCD3B} = {8BEBF693-E2F6-4248-9958-FAD8BB489014}
		{8B5305EA-64B4-42B0-B646-4BE5D71C0F1F} = {A7493894-D351-4435-9F22-0FF9B333EEA7}
		{4C738939-D4AB-4408-B8F8-69C6252E1CD2} = {09A9EED7-FF0D-4853-9565-0E5D46FA3A35}
		{289A0AAA-1282-43BF-AF84-21DABEDC96D3} = {09A9EED7-FF0D-4853-9565-0E5D46FA3A35}
	EndGlobalSection
EndGlobal
